dependencies:
  graulle/esp-idf-cxx:
    component_hash: ac8555117e97822c6a1540cf02562253e03c4aa6d1331135a72c745d289609bc
    source:
      git: git@gitlab.cri.epita.fr:jeremie.graulle/esp-idf-cxx.git
      path: .
      type: git
    version: 39a8c64711b5464aa5b29cc41d1ac905eaf08add
  idf:
    component_hash: null
    source:
      type: idf
    version: 5.1.1
manifest_hash: 1b234322c44dd08022051596229090fe195b2b8fa7ebdcdf9135657e592a0835
target: esp32
version: 1.0.0
